
Microsoft Visual Studio Solution File, Format Version 12.00
# Visual Studio Version 16
VisualStudioVersion = 16.0.33027.164
MinimumVisualStudioVersion = 10.0.40219.1
Project("{FAE04EC0-301F-11D3-BF4B-00C04F79EFBC}") = "jogoforca", "jogoforca\jogoforca.csproj", "{FA116179-0737-4EEA-93BF-775673433749}"
EndProject
Global
	GlobalSection(SolutionConfigurationPlatforms) = preSolution
		Debug|Any CPU = Debug|Any CPU
		Release|Any CPU = Release|Any CPU
	EndGlobalSection
	GlobalSection(ProjectConfigurationPlatforms) = postSolution
		{FA116179-0737-4EEA-93BF-775673433749}.Debug|Any CPU.ActiveCfg = Debug|Any CPU
		{FA116179-0737-4EEA-93BF-775673433749}.Debug|Any CPU.Build.0 = Debug|Any CPU
		{FA116179-0737-4EEA-93BF-775673433749}.Release|Any CPU.ActiveCfg = Release|Any CPU
		{FA116179-0737-4EEA-93BF-775673433749}.Release|Any CPU.Build.0 = Release|Any CPU
	EndGlobalSection
	GlobalSection(SolutionProperties) = preSolution
		HideSolutionNode = FALSE
	EndGlobalSection
	GlobalSection(ExtensibilityGlobals) = postSolution
		SolutionGuid = {B300A58A-9163-4EAB-BB41-BCB2C7DBBB8A}
	EndGlobalSection
EndGlobal
